github.com/pbs-plus/go-tapedrive v0.3.0 h1:L+bXvP3ppf4FTDPDWJs6Kl8p14wgKC2bS/rS90lhKOg=
github.com/pbs-plus/go-tapedrive v0.3.0/go.mod h1:LO90B9vMnFbP/q5+Ci3/8RnuyBHZ2nw7qxQkCfjzKok=
golang.org/x/sys v0.46.0 h1:noSf2Fq6F8DBgS+LysIkx7rIExoNHJsxOAtPp4rthXw=
golang.org/x/sys v0.46.0/go.mod h1:4GL1E5IUh+htKOUEOaiffhrAeqysfVGipDYzABqnCmw=
